
Microsoft Visual Studio Solution File, Format Version 12.00
# Visual Studio Version 17
VisualStudioVersion = 17.7.34003.232
MinimumVisualStudioVersion = 10.0.40219.1
Project("{FAE04EC0-301F-11D3-BF4B-00C04F79EFBC}") = "DesignPatterns", "DesignPatterns.csproj", "{A21F3F3D-8C3A-4503-886F-804850CB7E99}"
EndProject
Global
	GlobalSection(SolutionConfigurationPlatforms) = preSolution
		Debug|Any CPU = Debug|Any CPU
		Release|Any CPU = Release|Any CPU
	EndGlobalSection
	GlobalSection(ProjectConfigurationPlatforms) = postSolution
		{A21F3F3D-8C3A-4503-886F-804850CB7E99}.Debug|Any CPU.ActiveCfg = Debug|Any CPU
		{A21F3F3D-8C3A-4503-886F-804850CB7E99}.Debug|Any CPU.Build.0 = Debug|Any CPU
		{A21F3F3D-8C3A-4503-886F-804850CB7E99}.Release|Any CPU.ActiveCfg = Release|Any CPU
		{A21F3F3D-8C3A-4503-886F-804850CB7E99}.Release|Any CPU.Build.0 = Release|Any CPU
	EndGlobalSection
	GlobalSection(SolutionProperties) = preSolution
		HideSolutionNode = FALSE
	EndGlobalSection
	GlobalSection(ExtensibilityGlobals) = postSolution
		SolutionGuid = {EE5A5612-A7FE-40AE-ABAC-70EC7B88A03A}
	EndGlobalSection
EndGlobal
